
Microsoft Visual Studio Solution File, Format Version 12.00
# Visual Studio Version 16
VisualStudioVersion = 16.0.31321.278
MinimumVisualStudioVersion = 10.0.40219.1
Project("{FAE04EC0-301F-11D3-BF4B-00C04F79EFBC}") = "平片假训练", "平片假训练\平片假训练.csproj", "{D3AED89F-7F40-440B-8342-6DA5643E02C0}"
EndProject
Project("{8BC9CEB8-8B4A-11D0-8D11-00A0C91BC942}") = "BackGroundProcess", "BackGroundProcess\BackGroundProcess.vcxproj", "{9D17C05E-AA2B-4585-B86F-458989E98DDD}"
EndProject
Global
	GlobalSection(SolutionConfigurationPlatforms) = preSolution
		Debug|Any CPU = Debug|Any CPU
		Debug|x64 = Debug|x64
		Debug|x86 = Debug|x86
		Release|Any CPU = Release|Any CPU
		Release|x64 = Release|x64
		Release|x86 = Release|x86
	EndGlobalSection
	GlobalSection(ProjectConfigurationPlatforms) = postSolution
		{D3AED89F-7F40-440B-8342-6DA5643E02C0}.Debug|Any CPU.ActiveCfg = Debug|Any CPU
		{D3AED89F-7F40-440B-8342-6DA5643E02C0}.Debug|Any CPU.Build.0 = Debug|Any CPU
		{D3AED89F-7F40-440B-8342-6DA5643E02C0}.Debug|x64.ActiveCfg = Debug|Any CPU
		{D3AED89F-7F40-440B-8342-6DA5643E02C0}.Debug|x64.Build.0 = Debug|Any CPU
		{D3AED89F-7F40-440B-8342-6DA5643E02C0}.Debug|x86.ActiveCfg = Debug|Any CPU
		{D3AED89F-7F40-440B-8342-6DA5643E02C0}.Debug|x86.Build.0 = Debug|Any CPU
		{D3AED89F-7F40-440B-8342-6DA5643E02C0}.Release|Any CPU.ActiveCfg = Release|Any CPU
		{D3AED89F-7F40-440B-8342-6DA5643E02C0}.Release|Any CPU.Build.0 = Release|Any CPU
		{D3AED89F-7F40-440B-8342-6DA5643E02C0}.Release|x64.ActiveCfg = Release|Any CPU
		{D3AED89F-7F40-440B-8342-6DA5643E02C0}.Release|x64.Build.0 = Release|Any CPU
		{D3AED89F-7F40-440B-8342-6DA5643E02C0}.Release|x86.ActiveCfg = Release|Any CPU
		{D3AED89F-7F40-440B-8342-6DA5643E02C0}.Release|x86.Build.0 = Release|Any CPU
		{9D17C05E-AA2B-4585-B86F-458989E98DDD}.Debug|Any CPU.ActiveCfg = Debug|Win32
		{9D17C05E-AA2B-4585-B86F-458989E98DDD}.Debug|x64.ActiveCfg = Debug|x64
		{9D17C05E-AA2B-4585-B86F-458989E98DDD}.Debug|x64.Build.0 = Debug|x64
		{9D17C05E-AA2B-4585-B86F-458989E98DDD}.Debug|x86.ActiveCfg = Debug|Win32
		{9D17C05E-AA2B-4585-B86F-458989E98DDD}.Debug|x86.Build.0 = Debug|Win32
		{9D17C05E-AA2B-4585-B86F-458989E98DDD}.Release|Any CPU.ActiveCfg = Release|Win32
		{9D17C05E-AA2B-4585-B86F-458989E98DDD}.Release|x64.ActiveCfg = Release|x64
		{9D17C05E-AA2B-4585-B86F-458989E98DDD}.Release|x64.Build.0 = Release|x64
		{9D17C05E-AA2B-4585-B86F-458989E98DDD}.Release|x86.ActiveCfg = Release|Win32
		{9D17C05E-AA2B-4585-B86F-458989E98DDD}.Release|x86.Build.0 = Release|Win32
	EndGlobalSection
	GlobalSection(SolutionProperties) = preSolution
		HideSolutionNode = FALSE
	EndGlobalSection
	GlobalSection(ExtensibilityGlobals) = postSolution
		SolutionGuid = {535515B3-27D7-4334-95B3-65FEA09C090D}
	EndGlobalSection
EndGlobal
